// !$*UTF8*$!
{
	archiveVersion = 1;
	classes = {
	};
	objectVersion = 46;
	objects = {

/* Begin PBXBuildFile section */
		5582BAFCFF96FD15C96FD84D /* Pods_Uber_For_Rider.framework in Frameworks */ = {isa = PBXBuildFile; fileRef = 2099009C7FE40779774845E6 /* Pods_Uber_For_Rider.framework */; };
		A0320BD41E3ABF1300988880 /* RiderVC.swift in Sources */ = {isa = PBXBuildFile; fileRef = A0320BD31E3ABF1300988880 /* RiderVC.swift */; };
		A07563441E3A537500735D81 /* AuthProvider.swift in Sources */ = {isa = PBXBuildFile; fileRef = A07563431E3A537500735D81 /* AuthProvider.swift */; };
		A0A0D6451E398F91003F9227 /* AppDelegate.swift in Sources */ = {isa = PBXBuildFile; fileRef = A0A0D6441E398F91003F9227 /* AppDelegate.swift */; };
		A0A0D6471E398F91003F9227 /* SignInVC.swift in Sources */ = {isa = PBXBuildFile; fileRef = A0A0D6461E398F91003F9227 /* SignInVC.swift */; };
		A0A0D64A1E398F91003F9227 /* Main.storyboard in Resources */ = {isa = PBXBuildFile; fileRef = A0A0D6481E398F91003F9227 /* Main.storyboard */; };
		A0A0D64C1E398F91003F9227 /* Assets.xcassets in Resources */ = {isa = PBXBuildFile; fileRef = A0A0D64B1E398F91003F9227 /* Assets.xcassets */; };
		A0A0D64F1E398F91003F9227 /* LaunchScreen.storyboard in Resources */ = {isa = PBXBuildFile; fileRef = A0A0D64D1E398F91003F9227 /* LaunchScreen.storyboard */; };
		A0A0D65C1E3A0BD7003F9227 /* GoogleService-Info.plist in Resources */ = {isa = PBXBuildFile; fileRef = A0A0D65B1E3A0BD7003F9227 /* GoogleService-Info.plist */; };
		A0AEE67F1E3B9C1C000725E1 /* DBProvider.swift in Sources */ = {isa = PBXBuildFile; fileRef = A0AEE67E1E3B9C1C000725E1 /* DBProvider.swift */; };
		A0AEE6811E3B9D00000725E1 /* Constants.swift in Sources */ = {isa = PBXBuildFile; fileRef = A0AEE6801E3B9D00000725E1 /* Constants.swift */; };
		A0AEE6881E3BB6F3000725E1 /* UberHandler.swift in Sources */ = {isa = PBXBuildFile; fileRef = A0AEE6871E3BB6F3000725E1 /* UberHandler.swift */; };
/* End PBXBuildFile section */

/* Begin PBXFileReference section */
		2099009C7FE40779774845E6 /* Pods_Uber_For_Rider.framework */ = {isa = PBXFileReference; explicitFileType = wrapper.framework; includeInIndex = 0; path = Pods_Uber_For_Rider.framework; sourceTree = BUILT_PRODUCTS_DIR; };
		3828FD6099D6A8E54B1751B9 /* Pods-Uber For Rider.debug.xcconfig */ = {isa = PBXFileReference; includeInIndex = 1; lastKnownFileType = text.xcconfig; name = "Pods-Uber For Rider.debug.xcconfig"; path = "Pods/Target Support Files/Pods-Uber For Rider/Pods-Uber For Rider.debug.xcconfig"; sourceTree = "<group>"; };
		5377137F16BDD083BA0F4968 /* Pods-Uber For Rider.release.xcconfig */ = {isa = PBXFileReference; includeInIndex = 1; lastKnownFileType = text.xcconfig; name = "Pods-Uber For Rider.release.xcconfig"; path = "Pods/Target Support Files/Pods-Uber For Rider/Pods-Uber For Rider.release.xcconfig"; sourceTree = "<group>"; };
		A0320BD31E3ABF1300988880 /* RiderVC.swift */ = {isa = PBXFileReference; fileEncoding = 4; lastKnownFileType = sourcecode.swift; path = RiderVC.swift; sourceTree = "<group>"; };
		A07563431E3A537500735D81 /* AuthProvider.swift */ = {isa = PBXFileReference; fileEncoding = 4; lastKnownFileType = sourcecode.swift; path = AuthProvider.swift; sourceTree = "<group>"; };
		A0A0D6411E398F91003F9227 /* Uber For Rider.app */ = {isa = PBXFileReference; explicitFileType = wrapper.application; includeInIndex = 0; path = "Uber For Rider.app"; sourceTree = BUILT_PRODUCTS_DIR; };
		A0A0D6441E398F91003F9227 /* AppDelegate.swift */ = {isa = PBXFileReference; lastKnownFileType = sourcecode.swift; path = AppDelegate.swift; sourceTree = "<group>"; };
		A0A0D6461E398F91003F9227 /* SignInVC.swift */ = {isa = PBXFileReference; lastKnownFileType = sourcecode.swift; path = SignInVC.swift; sourceTree = "<group>"; };
		A0A0D6491E398F91003F9227 /* Base */ = {isa = PBXFileReference; lastKnownFileType = file.storyboard; name = Base; path = Base.lproj/Main.storyboard; sourceTree = "<group>"; };
		A0A0D64B1E398F91003F9227 /* Assets.xcassets */ = {isa = PBXFileReference; lastKnownFileType = folder.assetcatalog; path = Assets.xcassets; sourceTree = "<group>"; };
		A0A0D64E1E398F91003F9227 /* Base */ = {isa = PBXFileReference; lastKnownFileType = file.storyboard; name = Base; path = Base.lproj/LaunchScreen.storyboard; sourceTree = "<group>"; };
		A0A0D6501E398F91003F9227 /* Info.plist */ = {isa = PBXFileReference; lastKnownFileType = text.plist.xml; path = Info.plist; sourceTree = "<group>"; };
		A0A0D65B1E3A0BD7003F9227 /* GoogleService-Info.plist */ = {isa = PBXFileReference; fileEncoding = 4; lastKnownFileType = text.plist.xml; path = "GoogleService-Info.plist"; sourceTree = "<group>"; };
		A0AEE67E1E3B9C1C000725E1 /* DBProvider.swift */ = {isa = PBXFileReference; fileEncoding = 4; lastKnownFileType = sourcecode.swift; path = DBProvider.swift; sourceTree = "<group>"; };
		A0AEE6801E3B9D00000725E1 /* Constants.swift */ = {isa = PBXFileReference; fileEncoding = 4; lastKnownFileType = sourcecode.swift; path = Constants.swift; sourceTree = "<group>"; };
		A0AEE6871E3BB6F3000725E1 /* UberHandler.swift */ = {isa = PBXFileReference; fileEncoding = 4; lastKnownFileType = sourcecode.swift; path = UberHandler.swift; sourceTree = "<group>"; };
/* End PBXFileReference section */

/* Begin PBXFrameworksBuildPhase section */
		A0A0D63E1E398F91003F9227 /* Frameworks */ = {
			isa = PBXFrameworksBuildPhase;
			buildActionMask = 2147483647;
			files = (
				5582BAFCFF96FD15C96FD84D /* Pods_Uber_For_Rider.framework in Frameworks */,
			);
			runOnlyForDeploymentPostprocessing = 0;
		};
/* End PBXFrameworksBuildPhase section */

/* Begin PBXGroup section */
		0F31710082366DD3EF60E79A /* Frameworks */ = {
			isa = PBXGroup;
			children = (
				2099009C7FE40779774845E6 /* Pods_Uber_For_Rider.framework */,
			);
			name = Frameworks;
			sourceTree = "<group>";
		};
		A07563421E3A536100735D81 /* Plugins */ = {
			isa = PBXGroup;
			children = (
				A07563431E3A537500735D81 /* AuthProvider.swift */,
				A0AEE67E1E3B9C1C000725E1 /* DBProvider.swift */,
				A0AEE6801E3B9D00000725E1 /* Constants.swift */,
				A0AEE6871E3BB6F3000725E1 /* UberHandler.swift */,
			);
			name = Plugins;
			sourceTree = "<group>";
		};
		A0A0D6381E398F91003F9227 = {
			isa = PBXGroup;
			children = (
				A0A0D6431E398F91003F9227 /* Uber For Rider */,
				A0A0D6421E398F91003F9227 /* Products */,
				D3C0E93E09B87B0269C444E4 /* Pods */,
				0F31710082366DD3EF60E79A /* Frameworks */,
			);
			sourceTree = "<group>";
		};
		A0A0D6421E398F91003F9227 /* Products */ = {
			isa = PBXGroup;
			children = (
				A0A0D6411E398F91003F9227 /* Uber For Rider.app */,
			);
			name = Products;
			sourceTree = "<group>";
		};
		A0A0D6431E398F91003F9227 /* Uber For Rider */ = {
			isa = PBXGroup;
			children = (
				A07563421E3A536100735D81 /* Plugins */,
				A0A0D6581E399015003F9227 /* View */,
				A0A0D6571E39900D003F9227 /* Model */,
				A0A0D6561E399005003F9227 /* Controller */,
				A0A0D6441E398F91003F9227 /* AppDelegate.swift */,
				A0A0D6481E398F91003F9227 /* Main.storyboard */,
				A0A0D64B1E398F91003F9227 /* Assets.xcassets */,
				A0A0D64D1E398F91003F9227 /* LaunchScreen.storyboard */,
				A0A0D65B1E3A0BD7003F9227 /* GoogleService-Info.plist */,
				A0A0D6501E398F91003F9227 /* Info.plist */,
			);
			path = "Uber For Rider";
			sourceTree = "<group>";
		};
		A0A0D6561E399005003F9227 /* Controller */ = {
			isa = PBXGroup;
			children = (
				A0A0D6461E398F91003F9227 /* SignInVC.swift */,
				A0320BD31E3ABF1300988880 /* RiderVC.swift */,
			);
			name = Controller;
			sourceTree = "<group>";
		};
		A0A0D6571E39900D003F9227 /* Model */ = {
			isa = PBXGroup;
			children = (
			);
			name = Model;
			sourceTree = "<group>";
		};
		A0A0D6581E399015003F9227 /* View */ = {
			isa = PBXGroup;
			children = (
			);
			name = View;
			sourceTree = "<group>";
		};
		D3C0E93E09B87B0269C444E4 /* Pods */ = {
			isa = PBXGroup;
			children = (
				3828FD6099D6A8E54B1751B9 /* Pods-Uber For Rider.debug.xcconfig */,
				5377137F16BDD083BA0F4968 /* Pods-Uber For Rider.release.xcconfig */,
			);
			name = Pods;
			sourceTree = "<group>";
		};
/* End PBXGroup section */

/* Begin PBXNativeTarget section */
		A0A0D6401E398F91003F9227 /* Uber For Rider */ = {
			isa = PBXNativeTarget;
			buildConfigurationList = A0A0D6531E398F91003F9227 /* Build configuration list for PBXNativeTarget "Uber For Rider" */;
			buildPhases = (
				3EE617F127D7C8C6FBDECCD8 /* [CP] Check Pods Manifest.lock */,
				A0A0D63D1E398F91003F9227 /* Sources */,
				A0A0D63E1E398F91003F9227 /* Frameworks */,
				A0A0D63F1E398F91003F9227 /* Resources */,
				84AF6781CE0BBF6F19844212 /* [CP] Embed Pods Frameworks */,
				D25025833B4B2798B7D05F67 /* [CP] Copy Pods Resources */,
			);
			buildRules = (
			);
			dependencies = (
			);
			name = "Uber For Rider";
			productName = "Uber For Rider";
			productReference = A0A0D6411E398F91003F9227 /* Uber For Rider.app */;
			productType = "com.apple.product-type.application";
		};
/* End PBXNativeTarget section */

/* Begin PBXProject section */
		A0A0D6391E398F91003F9227 /* Project object */ = {
			isa = PBXProject;
			attributes = {
				LastSwiftUpdateCheck = 0820;
				LastUpgradeCheck = 0820;
				ORGANIZATIONNAME = "Emmanuel Erilibe";
				TargetAttributes = {
					A0A0D6401E398F91003F9227 = {
						CreatedOnToolsVersion = 8.2.1;
						DevelopmentTeam = S45Z8F64BM;
						ProvisioningStyle = Automatic;
					};
				};
			};
			buildConfigurationList = A0A0D63C1E398F91003F9227 /* Build configuration list for PBXProject "Uber For Rider" */;
			compatibilityVersion = "Xcode 3.2";
			developmentRegion = English;
			hasScannedForEncodings = 0;
			knownRegions = (
				en,
				Base,
			);
			mainGroup = A0A0D6381E398F91003F9227;
			productRefGroup = A0A0D6421E398F91003F9227 /* Products */;
			projectDirPath = "";
			projectRoot = "";
			targets = (
				A0A0D6401E398F91003F9227 /* Uber For Rider */,
			);
		};
/* End PBXProject section */

/* Begin PBXResourcesBuildPhase section */
		A0A0D63F1E398F91003F9227 /* Resources */ = {
			isa = PBXResourcesBuildPhase;
			buildActionMask = 2147483647;
			files = (
				A0A0D64F1E398F91003F9227 /* LaunchScreen.storyboard in Resources */,
				A0A0D65C1E3A0BD7003F9227 /* GoogleService-Info.plist in Resources */,
				A0A0D64C1E398F91003F9227 /* Assets.xcassets in Resources */,
				A0A0D64A1E398F91003F9227 /* Main.storyboard in Resources */,
			);
			runOnlyForDeploymentPostprocessing = 0;
		};
/* End PBXResourcesBuildPhase section */

/* Begin PBXShellScriptBuildPhase section */
		3EE617F127D7C8C6FBDECCD8 /* [CP] Check Pods Manifest.lock */ = {
			isa = PBXShellScriptBuildPhase;
			buildActionMask = 2147483647;
			files = (
			);
			inputPaths = (
			);
			name = "[CP] Check Pods Manifest.lock";
			outputPaths = (
			);
			runOnlyForDeploymentPostprocessing = 0;
			shellPath = /bin/sh;
			shellScript = "diff \"${PODS_ROOT}/../Podfile.lock\" \"${PODS_ROOT}/Manifest.lock\" > /dev/null\nif [ $? != 0 ] ; then\n    # print error to STDERR\n    echo \"error: The sandbox is not in sync with the Podfile.lock. Run 'pod install' or update your CocoaPods installation.\" >&2\n    exit 1\nfi\n";
			showEnvVarsInLog = 0;
		};
		84AF6781CE0BBF6F19844212 /* [CP] Embed Pods Frameworks */ = {
			isa = PBXShellScriptBuildPhase;
			buildActionMask = 2147483647;
			files = (
			);
			inputPaths = (
			);
			name = "[CP] Embed Pods Frameworks";
			outputPaths = (
			);
			runOnlyForDeploymentPostprocessing = 0;
			shellPath = /bin/sh;
			shellScript = "\"${SRCROOT}/Pods/Target Support Files/Pods-Uber For Rider/Pods-Uber For Rider-frameworks.sh\"\n";
			showEnvVarsInLog = 0;
		};
		D25025833B4B2798B7D05F67 /* [CP] Copy Pods Resources */ = {
			isa = PBXShellScriptBuildPhase;
			buildActionMask = 2147483647;
			files = (
			);
			inputPaths = (
			);
			name = "[CP] Copy Pods Resources";
			outputPaths = (
			);
			runOnlyForDeploymentPostprocessing = 0;
			shellPath = /bin/sh;
			shellScript = "\"${SRCROOT}/Pods/Target Support Files/Pods-Uber For Rider/Pods-Uber For Rider-resources.sh\"\n";
			showEnvVarsInLog = 0;
		};
/* End PBXShellScriptBuildPhase section */

/* Begin PBXSourcesBuildPhase section */
		A0A0D63D1E398F91003F9227 /* Sources */ = {
			isa = PBXSourcesBuildPhase;
			buildActionMask = 2147483647;
			files = (
				A07563441E3A537500735D81 /* AuthProvider.swift in Sources */,
				A0A0D6471E398F91003F9227 /* SignInVC.swift in Sources */,
				A0AEE67F1E3B9C1C000725E1 /* DBProvider.swift in Sources */,
				A0A0D6451E398F91003F9227 /* AppDelegate.swift in Sources */,
				A0AEE6881E3BB6F3000725E1 /* UberHandler.swift in Sources */,
				A0320BD41E3ABF1300988880 /* RiderVC.swift in Sources */,
				A0AEE6811E3B9D00000725E1 /* Constants.swift in Sources */,
			);
			runOnlyForDeploymentPostprocessing = 0;
		};
/* End PBXSourcesBuildPhase section */

/* Begin PBXVariantGroup section */
		A0A0D6481E398F91003F9227 /* Main.storyboard */ = {
			isa = PBXVariantGroup;
			children = (
				A0A0D6491E398F91003F9227 /* Base */,
			);
			name = Main.storyboard;
			sourceTree = "<group>";
		};
		A0A0D64D1E398F91003F9227 /* LaunchScreen.storyboard */ = {
			isa = PBXVariantGroup;
			children = (
				A0A0D64E1E398F91003F9227 /* Base */,
			);
			name = LaunchScreen.storyboard;
			sourceTree = "<group>";
		};
/* End PBXVariantGroup section */

/* Begin XCBuildConfiguration section */
		A0A0D6511E398F91003F9227 /* Debug */ = {
			isa = XCBuildConfiguration;
			buildSettings = {
				ALWAYS_SEARCH_USER_PATHS = NO;
				CLANG_ANALYZER_NONNULL = YES;
				CLANG_CXX_LANGUAGE_STANDARD = "gnu++0x";
				CLANG_CXX_LIBRARY = "libc++";
				CLANG_ENABLE_MODULES = YES;
				CLANG_ENABLE_OBJC_ARC = YES;
				CLANG_WARN_BOOL_CONVERSION = YES;
				CLANG_WARN_CONSTANT_CONVERSION = YES;
				CLANG_WARN_DIRECT_OBJC_ISA_USAGE = YES_ERROR;
				CLANG_WARN_DOCUMENTATION_COMMENTS = YES;
				CLANG_WARN_EMPTY_BODY = YES;
				CLANG_WARN_ENUM_CONVERSION = YES;
				CLANG_WARN_INFINITE_RECURSION = YES;
				CLANG_WARN_INT_CONVERSION = YES;
				CLANG_WARN_OBJC_ROOT_CLASS = YES_ERROR;
				CLANG_WARN_SUSPICIOUS_MOVE = YES;
				CLANG_WARN_UNREACHABLE_CODE = YES;
				CLANG_WARN__DUPLICATE_METHOD_MATCH = YES;
				"CODE_SIGN_IDENTITY[sdk=iphoneos*]" = "iPhone Developer";
				COPY_PHASE_STRIP = NO;
				DEBUG_INFORMATION_FORMAT = dwarf;
				ENABLE_STRICT_OBJC_MSGSEND = YES;
				ENABLE_TESTABILITY = YES;
				GCC_C_LANGUAGE_STANDARD = gnu99;
				GCC_DYNAMIC_NO_PIC = NO;
				GCC_NO_COMMON_BLOCKS = YES;
				GCC_OPTIMIZATION_LEVEL = 0;
				GCC_PREPROCESSOR_DEFINITIONS = (
					"DEBUG=1",
					"$(inherited)",
				);
				GCC_WARN_64_TO_32_BIT_CONVERSION = YES;
				GCC_WARN_ABOUT_RETURN_TYPE = YES_ERROR;
				GCC_WARN_UNDECLARED_SELECTOR = YES;
				GCC_WARN_UNINITIALIZED_AUTOS = YES_AGGRESSIVE;
				GCC_WARN_UNUSED_FUNCTION = YES;
				GCC_WARN_UNUSED_VARIABLE = YES;
				IPHONEOS_DEPLOYMENT_TARGET = 10.2;
				MTL_ENABLE_DEBUG_INFO = YES;
				ONLY_ACTIVE_ARCH = YES;
				SDKROOT = iphoneos;
				SWIFT_ACTIVE_COMPILATION_CONDITIONS = DEBUG;
				SWIFT_OPTIMIZATION_LEVEL = "-Onone";
			};
			name = Debug;
		};
		A0A0D6521E398F91003F9227 /* Release */ = {
			isa = XCBuildConfiguration;
			buildSettings = {
				ALWAYS_SEARCH_USER_PATHS = NO;
				CLANG_ANALYZER_NONNULL = YES;
				CLANG_CXX_LANGUAGE_STANDARD = "gnu++0x";
				CLANG_CXX_LIBRARY = "libc++";
				CLANG_ENABLE_MODULES = YES;
				CLANG_ENABLE_OBJC_ARC = YES;
				CLANG_WARN_BOOL_CONVERSION = YES;
				CLANG_WARN_CONSTANT_CONVERSION = YES;
				CLANG_WARN_DIRECT_OBJC_ISA_USAGE = YES_ERROR;
				CLANG_WARN_DOCUMENTATION_COMMENTS = YES;
				CLANG_WARN_EMPTY_BODY = YES;
				CLANG_WARN_ENUM_CONVERSION = YES;
				CLANG_WARN_INFINITE_RECURSION = YES;
				CLANG_WARN_INT_CONVERSION = YES;
				CLANG_WARN_OBJC_ROOT_CLASS = YES_ERROR;
				CLANG_WARN_SUSPICIOUS_MOVE = YES;
				CLANG_WARN_UNREACHABLE_CODE = YES;
				CLANG_WARN__DUPLICATE_METHOD_MATCH = YES;
				"CODE_SIGN_IDENTITY[sdk=iphoneos*]" = "iPhone Developer";
				COPY_PHASE_STRIP = NO;
				DEBUG_INFORMATION_FORMAT = "dwarf-with-dsym";
				ENABLE_NS_ASSERTIONS = NO;
				ENABLE_STRICT_OBJC_MSGSEND = YES;
				GCC_C_LANGUAGE_STANDARD = gnu99;
				GCC_NO_COMMON_BLOCKS = YES;
				GCC_WARN_64_TO_32_BIT_CONVERSION = YES;
				GCC_WARN_ABOUT_RETURN_TYPE = YES_ERROR;
				GCC_WARN_UNDECLARED_SELECTOR = YES;
				GCC_WARN_UNINITIALIZED_AUTOS = YES_AGGRESSIVE;
				GCC_WARN_UNUSED_FUNCTION = YES;
				GCC_WARN_UNUSED_VARIABLE = YES;
				IPHONEOS_DEPLOYMENT_TARGET = 10.2;
				MTL_ENABLE_DEBUG_INFO = NO;
				SDKROOT = iphoneos;
				SWIFT_OPTIMIZATION_LEVEL = "-Owholemodule";
				VALIDATE_PRODUCT = YES;
			};
			name = Release;
		};
		A0A0D6541E398F91003F9227 /* Debug */ = {
			isa = XCBuildConfiguration;
			baseConfigurationReference = 3828FD6099D6A8E54B1751B9 /* Pods-Uber For Rider.debug.xcconfig */;
			buildSettings = {
				ASSETCATALOG_COMPILER_APPICON_NAME = AppIcon;
				DEVELOPMENT_TEAM = S45Z8F64BM;
				INFOPLIST_FILE = "Uber For Rider/Info.plist";
				LD_RUNPATH_SEARCH_PATHS = "$(inherited) @executable_path/Frameworks";
				PRODUCT_BUNDLE_IDENTIFIER = "com.sledgenail.Uber-For-Rider";
				PRODUCT_NAME = "$(TARGET_NAME)";
				SWIFT_VERSION = 3.0;
			};
			name = Debug;
		};
		A0A0D6551E398F91003F9227 /* Release */ = {
			isa = XCBuildConfiguration;
			baseConfigurationReference = 5377137F16BDD083BA0F4968 /* Pods-Uber For Rider.release.xcconfig */;
			buildSettings = {
				ASSETCATALOG_COMPILER_APPICON_NAME = AppIcon;
				DEVELOPMENT_TEAM = S45Z8F64BM;
				INFOPLIST_FILE = "Uber For Rider/Info.plist";
				LD_RUNPATH_SEARCH_PATHS = "$(inherited) @executable_path/Frameworks";
				PRODUCT_BUNDLE_IDENTIFIER = "com.sledgenail.Uber-For-Rider";
				PRODUCT_NAME = "$(TARGET_NAME)";
				SWIFT_VERSION = 3.0;
			};
			name = Release;
		};
/* End XCBuildConfiguration section */

/* Begin XCConfigurationList section */
		A0A0D63C1E398F91003F9227 /* Build configuration list for PBXProject "Uber For Rider" */ = {
			isa = XCConfigurationList;
			buildConfigurations = (
				A0A0D6511E398F91003F9227 /* Debug */,
				A0A0D6521E398F91003F9227 /* Release */,
			);
			defaultConfigurationIsVisible = 0;
			defaultConfigurationName = Release;
		};
		A0A0D6531E398F91003F9227 /* Build configuration list for PBXNativeTarget "Uber For Rider" */ = {
			isa = XCConfigurationList;
			buildConfigurations = (
				A0A0D6541E398F91003F9227 /* Debug */,
				A0A0D6551E398F91003F9227 /* Release */,
			);
			defaultConfigurationIsVisible = 0;
			defaultConfigurationName = Release;
		};
/* End XCConfigurationList section */
	};
	rootObject = A0A0D6391E398F91003F9227 /* Project object */;
}
